
Microsoft Visual Studio Solution File, Format Version 12.00
# Visual Studio Version 17
VisualStudioVersion = 17.1.32328.378
MinimumVisualStudioVersion = 10.0.40219.1
Project("{FAE04EC0-301F-11D3-BF4B-00C04F79EFBC}") = "RegexProblems", "RegexProblems.csproj", "{0A0AAE26-B3C2-46B4-BBB3-53077A1EE0E8}"
EndProject
Global
	GlobalSection(SolutionConfigurationPlatforms) = preSolution
		Debug|Any CPU = Debug|Any CPU
		Release|Any CPU = Release|Any CPU
	EndGlobalSection
	GlobalSection(ProjectConfigurationPlatforms) = postSolution
		{0A0AAE26-B3C2-46B4-BBB3-53077A1EE0E8}.Debug|Any CPU.ActiveCfg = Debug|Any CPU
		{0A0AAE26-B3C2-46B4-BBB3-53077A1EE0E8}.Debug|Any CPU.Build.0 = Debug|Any CPU
		{0A0AAE26-B3C2-46B4-BBB3-53077A1EE0E8}.Release|Any CPU.ActiveCfg = Release|Any CPU
		{0A0AAE26-B3C2-46B4-BBB3-53077A1EE0E8}.Release|Any CPU.Build.0 = Release|Any CPU
	EndGlobalSection
	GlobalSection(SolutionProperties) = preSolution
		HideSolutionNode = FALSE
	EndGlobalSection
	GlobalSection(ExtensibilityGlobals) = postSolution
		SolutionGuid = {9FB12356-35A9-4C26-91B0-C75AD0C2B982}
	EndGlobalSection
EndGlobal
